<?xml version="1.0" encoding="utf-8"?>
<Project ToolsVersion="4.0" xmlns="http://schemas.microsoft.com/developer/msbuild/2003">
  <ItemGroup>
    <Filter Include="源文件">
      <UniqueIdentifier>{4FC737F1-C7A5-4376-A066-2A32D752A2FF}</UniqueIdentifier>
      <Extensions>cpp;c;cc;cxx;def;odl;idl;hpj;bat;asm;asmx</Extensions>
    </Filter>
    <Filter Include="头文件">
      <UniqueIdentifier>{93995380-89BD-4b04-88EB-625FBE52EBFB}</UniqueIdentifier>
      <Extensions>h;hpp;hxx;hm;inl;inc;xsd</Extensions>
    </Filter>
    <Filter Include="资源文件">
      <UniqueIdentifier>{67DA6AB6-F800-4c08-8B7A-83BB121AAD01}</UniqueIdentifier>
      <Extensions>rc;ico;cur;bmp;dlg;rc2;rct;bin;rgs;gif;jpg;jpeg;jpe;resx;tiff;tif;png;wav;mfcribbon-ms</Extensions>
    </Filter>
    <Filter Include="模块">
      <UniqueIdentifier>{d3101c3d-b088-4c27-9761-3a98c15f79e3}</UniqueIdentifier>
    </Filter>
    <Filter Include="模块\array">
      <UniqueIdentifier>{c8530ef1-772a-4541-a02a-3aad4a89c35a}</UniqueIdentifier>
    </Filter>
    <Filter Include="模块\event">
      <UniqueIdentifier>{54ffc45e-4cb2-4d3a-804a-ad8f84e1eead}</UniqueIdentifier>
    </Filter>
    <Filter Include="模块\processing">
      <UniqueIdentifier>{cceafabf-48e6-40a2-8736-fda71981f8f4}</UniqueIdentifier>
    </Filter>
    <Filter Include="模块\gui">
      <UniqueIdentifier>{a279a56f-ea05-4fde-9aaa-322397cade14}</UniqueIdentifier>
    </Filter>
    <Filter Include="模块\graphics">
      <UniqueIdentifier>{24019ae2-eb39-4dec-963a-740ebe96fbde}</UniqueIdentifier>
    </Filter>
    <Filter Include="模块\os">
      <UniqueIdentifier>{9a1cf1b6-2e56-4ee0-ad31-fe6b2a003d5b}</UniqueIdentifier>
    </Filter>
  </ItemGroup>
  <ItemGroup>
    <ClCompile Include="main.cpp">
      <Filter>源文件</Filter>
    </ClCompile>
    <ClCompile Include="TexCube.cpp">
      <Filter>源文件</Filter>
    </ClCompile>
    <ClCompile Include="GameTime.cpp">
      <Filter>源文件</Filter>
    </ClCompile>
    <ClCompile Include="stringUtils.cpp">
      <Filter>源文件</Filter>
    </ClCompile>
    <ClCompile Include="modules\event\event.cpp">
      <Filter>模块\event</Filter>
    </ClCompile>
    <ClCompile Include="modules\array\array.cpp">
      <Filter>模块\array</Filter>
    </ClCompile>
    <ClCompile Include="MatrixStack.cpp">
      <Filter>源文件</Filter>
    </ClCompile>
    <ClCompile Include="modules\processing\processing.cpp">
      <Filter>模块\processing</Filter>
    </ClCompile>
    <ClCompile Include="MyModels.cpp">
      <Filter>源文件</Filter>
    </ClCompile>
    <ClCompile Include="D3D9Console.cpp">
      <Filter>源文件</Filter>
    </ClCompile>
    <ClCompile Include="modules\graphics\graphics.cpp">
      <Filter>模块\graphics</Filter>
    </ClCompile>
    <ClCompile Include="calyx.cpp">
      <Filter>源文件</Filter>
    </ClCompile>
    <ClCompile Include="modules\os\os.cpp">
      <Filter>模块\os</Filter>
    </ClCompile>
    <ClCompile Include="mylua.cpp">
      <Filter>源文件</Filter>
    </ClCompile>
    <ClCompile Include="modules\modules.cpp">
      <Filter>模块</Filter>
    </ClCompile>
    <ClCompile Include="win32Utils.cpp">
      <Filter>源文件</Filter>
    </ClCompile>
    <ClCompile Include="Console.cpp">
      <Filter>源文件</Filter>
    </ClCompile>
  </ItemGroup>
  <ItemGroup>
    <ClInclude Include="basic_types.h">
      <Filter>头文件</Filter>
    </ClInclude>
    <ClInclude Include="resource.h">
      <Filter>头文件</Filter>
    </ClInclude>
    <ClInclude Include="keyboard.h">
      <Filter>头文件</Filter>
    </ClInclude>
    <ClInclude Include="d3dUtil.h">
      <Filter>头文件</Filter>
    </ClInclude>
    <ClInclude Include="TexCube.h">
      <Filter>头文件</Filter>
    </ClInclude>
    <ClInclude Include="SpriteBatch.h">
      <Filter>头文件</Filter>
    </ClInclude>
    <ClInclude Include="GameTime.h">
      <Filter>头文件</Filter>
    </ClInclude>
    <ClInclude Include="typesystem.h">
      <Filter>头文件</Filter>
    </ClInclude>
    <ClInclude Include="stringUtils.h">
      <Filter>头文件</Filter>
    </ClInclude>
    <ClInclude Include="modules\event\event.h">
      <Filter>模块\event</Filter>
    </ClInclude>
    <ClInclude Include="modules\array\array.h">
      <Filter>模块\array</Filter>
    </ClInclude>
    <ClInclude Include="calyx.h">
      <Filter>头文件</Filter>
    </ClInclude>
    <ClInclude Include="MatrixStack.h">
      <Filter>头文件</Filter>
    </ClInclude>
    <ClInclude Include="modules\processing\processing.h">
      <Filter>模块\processing</Filter>
    </ClInclude>
    <ClInclude Include="SpriteAnimator.h">
      <Filter>头文件</Filter>
    </ClInclude>
    <ClInclude Include="MyModels.h">
      <Filter>头文件</Filter>
    </ClInclude>
    <ClInclude Include="Exception.h">
      <Filter>头文件</Filter>
    </ClInclude>
    <ClInclude Include="Timeline.h">
      <Filter>头文件</Filter>
    </ClInclude>
    <ClInclude Include="RenderDevice.h">
      <Filter>头文件</Filter>
    </ClInclude>
    <ClInclude Include="D3D9Console.h">
      <Filter>头文件</Filter>
    </ClInclude>
    <ClInclude Include="modules\graphics\graphics.h">
      <Filter>模块\graphics</Filter>
    </ClInclude>
    <ClInclude Include="modules\os\os.h">
      <Filter>模块\os</Filter>
    </ClInclude>
    <ClInclude Include="mylua.h">
      <Filter>头文件</Filter>
    </ClInclude>
    <ClInclude Include="modules\modules.h">
      <Filter>模块</Filter>
    </ClInclude>
    <ClInclude Include="win32Utils.h">
      <Filter>头文件</Filter>
    </ClInclude>
    <ClInclude Include="Console.h">
      <Filter>头文件</Filter>
    </ClInclude>
  </ItemGroup>
  <ItemGroup>
    <ResourceCompile Include="GameConsole.rc">
      <Filter>资源文件</Filter>
    </ResourceCompile>
  </ItemGroup>
  <ItemGroup>
    <None Include="res\crosshair.cur">
      <Filter>资源文件</Filter>
    </None>
    <None Include="res\directx.ico">
      <Filter>资源文件</Filter>
    </None>
  </ItemGroup>
</Project>